// !$*UTF8*$!
{
	archiveVersion = 1;
	classes = {
	};
	objectVersion = 50;
	objects = {

/* Begin PBXBuildFile section */
		03D9D9B921AEB496009E2ED8 /* AppDelegate.m in Sources */ = {isa = PBXBuildFile; fileRef = 03D9D9B821AEB496009E2ED8 /* AppDelegate.m */; };
		03D9D9BC21AEB496009E2ED8 /* ViewController.m in Sources */ = {isa = PBXBuildFile; fileRef = 03D9D9BB21AEB496009E2ED8 /* ViewController.m */; };
		03D9D9BF21AEB496009E2ED8 /* Main.storyboard in Resources */ = {isa = PBXBuildFile; fileRef = 03D9D9BD21AEB496009E2ED8 /* Main.storyboard */; };
		03D9D9C121AEB49A009E2ED8 /* Assets.xcassets in Resources */ = {isa = PBXBuildFile; fileRef = 03D9D9C021AEB49A009E2ED8 /* Assets.xcassets */; };
		03D9D9C421AEB49A009E2ED8 /* LaunchScreen.storyboard in Resources */ = {isa = PBXBuildFile; fileRef = 03D9D9C221AEB49A009E2ED8 /* LaunchScreen.storyboard */; };
		03D9D9C721AEB49A009E2ED8 /* main.m in Sources */ = {isa = PBXBuildFile; fileRef = 03D9D9C621AEB49A009E2ED8 /* main.m */; };
		3CA7E5EE5118088EE19D9957 /* libPods-testApolloObjective-C.a in Frameworks */ = {isa = PBXBuildFile; fileRef = E52ACE3CAE6856346E6D1769 /* libPods-testApolloObjective-C.a */; };
/* End PBXBuildFile section */

/* Begin PBXFileReference section */
		03D9D9B421AEB496009E2ED8 /* testApolloObjective-C.app */ = {isa = PBXFileReference; explicitFileType = wrapper.application; includeInIndex = 0; path = "testApolloObjective-C.app"; sourceTree = BUILT_PRODUCTS_DIR; };
		03D9D9B721AEB496009E2ED8 /* AppDelegate.h */ = {isa = PBXFileReference; lastKnownFileType = sourcecode.c.h; path = AppDelegate.h; sourceTree = "<group>"; };
		03D9D9B821AEB496009E2ED8 /* AppDelegate.m */ = {isa = PBXFileReference; lastKnownFileType = sourcecode.c.objc; path = AppDelegate.m; sourceTree = "<group>"; };
		03D9D9BA21AEB496009E2ED8 /* ViewController.h */ = {isa = PBXFileReference; lastKnownFileType = sourcecode.c.h; path = ViewController.h; sourceTree = "<group>"; };
		03D9D9BB21AEB496009E2ED8 /* ViewController.m */ = {isa = PBXFileReference; lastKnownFileType = sourcecode.c.objc; path = ViewController.m; sourceTree = "<group>"; };
		03D9D9BE21AEB496009E2ED8 /* Base */ = {isa = PBXFileReference; lastKnownFileType = file.storyboard; name = Base; path = Base.lproj/Main.storyboard; sourceTree = "<group>"; };
		03D9D9C021AEB49A009E2ED8 /* Assets.xcassets */ = {isa = PBXFileReference; lastKnownFileType = folder.assetcatalog; path = Assets.xcassets; sourceTree = "<group>"; };
		03D9D9C321AEB49A009E2ED8 /* Base */ = {isa = PBXFileReference; lastKnownFileType = file.storyboard; name = Base; path = Base.lproj/LaunchScreen.storyboard; sourceTree = "<group>"; };
		03D9D9C521AEB49A009E2ED8 /* Info.plist */ = {isa = PBXFileReference; lastKnownFileType = text.plist.xml; path = Info.plist; sourceTree = "<group>"; };
		03D9D9C621AEB49A009E2ED8 /* main.m */ = {isa = PBXFileReference; lastKnownFileType = sourcecode.c.objc; path = main.m; sourceTree = "<group>"; };
		42184AE456592F7629160114 /* Pods-testApolloObjective-C.release.xcconfig */ = {isa = PBXFileReference; includeInIndex = 1; lastKnownFileType = text.xcconfig; name = "Pods-testApolloObjective-C.release.xcconfig"; path = "Pods/Target Support Files/Pods-testApolloObjective-C/Pods-testApolloObjective-C.release.xcconfig"; sourceTree = "<group>"; };
		43A151C4BD914EBEA502A33D /* Pods-testApolloObjective-C.debug.xcconfig */ = {isa = PBXFileReference; includeInIndex = 1; lastKnownFileType = text.xcconfig; name = "Pods-testApolloObjective-C.debug.xcconfig"; path = "Pods/Target Support Files/Pods-testApolloObjective-C/Pods-testApolloObjective-C.debug.xcconfig"; sourceTree = "<group>"; };
		E52ACE3CAE6856346E6D1769 /* libPods-testApolloObjective-C.a */ = {isa = PBXFileReference; explicitFileType = archive.ar; includeInIndex = 0; path = "libPods-testApolloObjective-C.a"; sourceTree = BUILT_PRODUCTS_DIR; };
/* End PBXFileReference section */

/* Begin PBXFrameworksBuildPhase section */
		03D9D9B121AEB496009E2ED8 /* Frameworks */ = {
			isa = PBXFrameworksBuildPhase;
			buildActionMask = 2147483647;
			files = (
				3CA7E5EE5118088EE19D9957 /* libPods-testApolloObjective-C.a in Frameworks */,
			);
			runOnlyForDeploymentPostprocessing = 0;
		};
/* End PBXFrameworksBuildPhase section */

/* Begin PBXGroup section */
		03D9D9AB21AEB496009E2ED8 = {
			isa = PBXGroup;
			children = (
				03D9D9B621AEB496009E2ED8 /* testApolloObjective-C */,
				03D9D9B521AEB496009E2ED8 /* Products */,
				244FA4EF2D6783121C79829A /* Pods */,
				443A25DFCDBB2E2B11AE5BA1 /* Frameworks */,
			);
			sourceTree = "<group>";
		};
		03D9D9B521AEB496009E2ED8 /* Products */ = {
			isa = PBXGroup;
			children = (
				03D9D9B421AEB496009E2ED8 /* testApolloObjective-C.app */,
			);
			name = Products;
			sourceTree = "<group>";
		};
		03D9D9B621AEB496009E2ED8 /* testApolloObjective-C */ = {
			isa = PBXGroup;
			children = (
				03D9D9B721AEB496009E2ED8 /* AppDelegate.h */,
				03D9D9B821AEB496009E2ED8 /* AppDelegate.m */,
				03D9D9BA21AEB496009E2ED8 /* ViewController.h */,
				03D9D9BB21AEB496009E2ED8 /* ViewController.m */,
				03D9D9BD21AEB496009E2ED8 /* Main.storyboard */,
				03D9D9C021AEB49A009E2ED8 /* Assets.xcassets */,
				03D9D9C221AEB49A009E2ED8 /* LaunchScreen.storyboard */,
				03D9D9C521AEB49A009E2ED8 /* Info.plist */,
				03D9D9C621AEB49A009E2ED8 /* main.m */,
			);
			path = "testApolloObjective-C";
			sourceTree = "<group>";
		};
		244FA4EF2D6783121C79829A /* Pods */ = {
			isa = PBXGroup;
			children = (
				43A151C4BD914EBEA502A33D /* Pods-testApolloObjective-C.debug.xcconfig */,
				42184AE456592F7629160114 /* Pods-testApolloObjective-C.release.xcconfig */,
			);
			name = Pods;
			sourceTree = "<group>";
		};
		443A25DFCDBB2E2B11AE5BA1 /* Frameworks */ = {
			isa = PBXGroup;
			children = (
				E52ACE3CAE6856346E6D1769 /* libPods-testApolloObjective-C.a */,
			);
			name = Frameworks;
			sourceTree = "<group>";
		};
/* End PBXGroup section */

/* Begin PBXNativeTarget section */
		03D9D9B321AEB496009E2ED8 /* testApolloObjective-C */ = {
			isa = PBXNativeTarget;
			buildConfigurationList = 03D9D9CA21AEB49A009E2ED8 /* Build configuration list for PBXNativeTarget "testApolloObjective-C" */;
			buildPhases = (
				95339BDF5E066149CAD9359D /* [CP] Check Pods Manifest.lock */,
				03D9D9CD21AEB933009E2ED8 /* Generate Apollo GraphQL API */,
				03D9D9B021AEB496009E2ED8 /* Sources */,
				03D9D9B121AEB496009E2ED8 /* Frameworks */,
				03D9D9B221AEB496009E2ED8 /* Resources */,
				51413B58F34AF0EB7FCD1EB9 /* [CP] Copy Pods Resources */,
			);
			buildRules = (
			);
			dependencies = (
			);
			name = "testApolloObjective-C";
			productName = "testApolloObjective-C";
			productReference = 03D9D9B421AEB496009E2ED8 /* testApolloObjective-C.app */;
			productType = "com.apple.product-type.application";
		};
/* End PBXNativeTarget section */

/* Begin PBXProject section */
		03D9D9AC21AEB496009E2ED8 /* Project object */ = {
			isa = PBXProject;
			attributes = {
				LastUpgradeCheck = 0940;
				ORGANIZATIONNAME = aya;
				TargetAttributes = {
					03D9D9B321AEB496009E2ED8 = {
						CreatedOnToolsVersion = 9.4.1;
					};
				};
			};
			buildConfigurationList = 03D9D9AF21AEB496009E2ED8 /* Build configuration list for PBXProject "testApolloObjective-C" */;
			compatibilityVersion = "Xcode 9.3";
			developmentRegion = en;
			hasScannedForEncodings = 0;
			knownRegions = (
				en,
				Base,
			);
			mainGroup = 03D9D9AB21AEB496009E2ED8;
			productRefGroup = 03D9D9B521AEB496009E2ED8 /* Products */;
			projectDirPath = "";
			projectRoot = "";
			targets = (
				03D9D9B321AEB496009E2ED8 /* testApolloObjective-C */,
			);
		};
/* End PBXProject section */

/* Begin PBXResourcesBuildPhase section */
		03D9D9B221AEB496009E2ED8 /* Resources */ = {
			isa = PBXResourcesBuildPhase;
			buildActionMask = 2147483647;
			files = (
				03D9D9C421AEB49A009E2ED8 /* LaunchScreen.storyboard in Resources */,
				03D9D9C121AEB49A009E2ED8 /* Assets.xcassets in Resources */,
				03D9D9BF21AEB496009E2ED8 /* Main.storyboard in Resources */,
			);
			runOnlyForDeploymentPostprocessing = 0;
		};
/* End PBXResourcesBuildPhase section */

/* Begin PBXShellScriptBuildPhase section */
		03D9D9CD21AEB933009E2ED8 /* Generate Apollo GraphQL API */ = {
			isa = PBXShellScriptBuildPhase;
			buildActionMask = 2147483647;
			files = (
			);
			inputPaths = (
			);
			name = "Generate Apollo GraphQL API";
			outputPaths = (
			);
			runOnlyForDeploymentPostprocessing = 0;
			shellPath = /bin/sh;
			shellScript = "APOLLO_FRAMEWORK_PATH=\"$(eval find $FRAMEWORK_SEARCH_PATHS -name \"Apollo.framework\" -maxdepth 1)\"\n\nif [ -z \"$APOLLO_FRAMEWORK_PATH\" ]; then\necho \"error: Couldn't find Apollo.framework in FRAMEWORK_SEARCH_PATHS; make sure to add the framework to your project.\"\nexit 1\nfi\n\ncd \"${SRCROOT}/${TARGET_NAME}\"\n$APOLLO_FRAMEWORK_PATH/check-and-run-apollo-cli.sh codegen:generate --queries=\"$(find . -name '*.graphql')\" --schema=schema.json API.swift";
		};
		51413B58F34AF0EB7FCD1EB9 /* [CP] Copy Pods Resources */ = {
			isa = PBXShellScriptBuildPhase;
			buildActionMask = 2147483647;
			files = (
			);
			inputPaths = (
				"${SRCROOT}/Pods/Target Support Files/Pods-testApolloObjective-C/Pods-testApolloObjective-C-resources.sh",
				"${PODS_ROOT}/Apollo/scripts/check-and-run-apollo-cli.sh",
				"${PODS_ROOT}/Apollo/scripts/check-and-run-apollo-codegen.sh",
			);
			name = "[CP] Copy Pods Resources";
			outputPaths = (
				"${TARGET_BUILD_DIR}/${UNLOCALIZED_RESOURCES_FOLDER_PATH}/check-and-run-apollo-cli.sh",
				"${TARGET_BUILD_DIR}/${UNLOCALIZED_RESOURCES_FOLDER_PATH}/check-and-run-apollo-codegen.sh",
			);
			runOnlyForDeploymentPostprocessing = 0;
			shellPath = /bin/sh;
			shellScript = "\"${SRCROOT}/Pods/Target Support Files/Pods-testApolloObjective-C/Pods-testApolloObjective-C-resources.sh\"\n";
			showEnvVarsInLog = 0;
		};
		95339BDF5E066149CAD9359D /* [CP] Check Pods Manifest.lock */ = {
			isa = PBXShellScriptBuildPhase;
			buildActionMask = 2147483647;
			files = (
			);
			inputPaths = (
				"${PODS_PODFILE_DIR_PATH}/Podfile.lock",
				"${PODS_ROOT}/Manifest.lock",
			);
			name = "[CP] Check Pods Manifest.lock";
			outputPaths = (
				"$(DERIVED_FILE_DIR)/Pods-testApolloObjective-C-checkManifestLockResult.txt",
			);
			runOnlyForDeploymentPostprocessing = 0;
			shellPath = /bin/sh;
			shellScript = "diff \"${PODS_PODFILE_DIR_PATH}/Podfile.lock\" \"${PODS_ROOT}/Manifest.lock\" > /dev/null\nif [ $? != 0 ] ; then\n    # print error to STDERR\n    echo \"error: The sandbox is not in sync with the Podfile.lock. Run 'pod install' or update your CocoaPods installation.\" >&2\n    exit 1\nfi\n# This output is used by Xcode 'outputs' to avoid re-running this script phase.\necho \"SUCCESS\" > \"${SCRIPT_OUTPUT_FILE_0}\"\n";
			showEnvVarsInLog = 0;
		};
/* End PBXShellScriptBuildPhase section */

/* Begin PBXSourcesBuildPhase section */
		03D9D9B021AEB496009E2ED8 /* Sources */ = {
			isa = PBXSourcesBuildPhase;
			buildActionMask = 2147483647;
			files = (
				03D9D9BC21AEB496009E2ED8 /* ViewController.m in Sources */,
				03D9D9C721AEB49A009E2ED8 /* main.m in Sources */,
				03D9D9B921AEB496009E2ED8 /* AppDelegate.m in Sources */,
			);
			runOnlyForDeploymentPostprocessing = 0;
		};
/* End PBXSourcesBuildPhase section */

/* Begin PBXVariantGroup section */
		03D9D9BD21AEB496009E2ED8 /* Main.storyboard */ = {
			isa = PBXVariantGroup;
			children = (
				03D9D9BE21AEB496009E2ED8 /* Base */,
			);
			name = Main.storyboard;
			sourceTree = "<group>";
		};
		03D9D9C221AEB49A009E2ED8 /* LaunchScreen.storyboard */ = {
			isa = PBXVariantGroup;
			children = (
				03D9D9C321AEB49A009E2ED8 /* Base */,
			);
			name = LaunchScreen.storyboard;
			sourceTree = "<group>";
		};
/* End PBXVariantGroup section */

/* Begin XCBuildConfiguration section */
		03D9D9C821AEB49A009E2ED8 /* Debug */ = {
			isa = XCBuildConfiguration;
			buildSettings = {
				ALWAYS_SEARCH_USER_PATHS = NO;
				CLANG_ANALYZER_NONNULL = YES;
				CLANG_ANALYZER_NUMBER_OBJECT_CONVERSION = YES_AGGRESSIVE;
				CLANG_CXX_LANGUAGE_STANDARD = "gnu++14";
				CLANG_CXX_LIBRARY = "libc++";
				CLANG_ENABLE_MODULES = YES;
				CLANG_ENABLE_OBJC_ARC = YES;
				CLANG_ENABLE_OBJC_WEAK = YES;
				CLANG_WARN_BLOCK_CAPTURE_AUTORELEASING = YES;
				CLANG_WARN_BOOL_CONVERSION = YES;
				CLANG_WARN_COMMA = YES;
				CLANG_WARN_CONSTANT_CONVERSION = YES;
				CLANG_WARN_DEPRECATED_OBJC_IMPLEMENTATIONS = YES;
				CLANG_WARN_DIRECT_OBJC_ISA_USAGE = YES_ERROR;
				CLANG_WARN_DOCUMENTATION_COMMENTS = YES;
				CLANG_WARN_EMPTY_BODY = YES;
				CLANG_WARN_ENUM_CONVERSION = YES;
				CLANG_WARN_INFINITE_RECURSION = YES;
				CLANG_WARN_INT_CONVERSION = YES;
				CLANG_WARN_NON_LITERAL_NULL_CONVERSION = YES;
				CLANG_WARN_OBJC_IMPLICIT_RETAIN_SELF = YES;
				CLANG_WARN_OBJC_LITERAL_CONVERSION = YES;
				CLANG_WARN_OBJC_ROOT_CLASS = YES_ERROR;
				CLANG_WARN_RANGE_LOOP_ANALYSIS = YES;
				CLANG_WARN_STRICT_PROTOTYPES = YES;
				CLANG_WARN_SUSPICIOUS_MOVE = YES;
				CLANG_WARN_UNGUARDED_AVAILABILITY = YES_AGGRESSIVE;
				CLANG_WARN_UNREACHABLE_CODE = YES;
				CLANG_WARN__DUPLICATE_METHOD_MATCH = YES;
				CODE_SIGN_IDENTITY = "iPhone Developer";
				COPY_PHASE_STRIP = NO;
				DEBUG_INFORMATION_FORMAT = dwarf;
				ENABLE_STRICT_OBJC_MSGSEND = YES;
				ENABLE_TESTABILITY = YES;
				GCC_C_LANGUAGE_STANDARD = gnu11;
				GCC_DYNAMIC_NO_PIC = NO;
				GCC_NO_COMMON_BLOCKS = YES;
				GCC_OPTIMIZATION_LEVEL = 0;
				GCC_PREPROCESSOR_DEFINITIONS = (
					"DEBUG=1",
					"$(inherited)",
				);
				GCC_WARN_64_TO_32_BIT_CONVERSION = YES;
				GCC_WARN_ABOUT_RETURN_TYPE = YES_ERROR;
				GCC_WARN_UNDECLARED_SELECTOR = YES;
				GCC_WARN_UNINITIALIZED_AUTOS = YES_AGGRESSIVE;
				GCC_WARN_UNUSED_FUNCTION = YES;
				GCC_WARN_UNUSED_VARIABLE = YES;
				IPHONEOS_DEPLOYMENT_TARGET = 11.4;
				MTL_ENABLE_DEBUG_INFO = YES;
				ONLY_ACTIVE_ARCH = YES;
				SDKROOT = iphoneos;
			};
			name = Debug;
		};
		03D9D9C921AEB49A009E2ED8 /* Release */ = {
			isa = XCBuildConfiguration;
			buildSettings = {
				ALWAYS_SEARCH_USER_PATHS = NO;
				CLANG_ANALYZER_NONNULL = YES;
				CLANG_ANALYZER_NUMBER_OBJECT_CONVERSION = YES_AGGRESSIVE;
				CLANG_CXX_LANGUAGE_STANDARD = "gnu++14";
				CLANG_CXX_LIBRARY = "libc++";
				CLANG_ENABLE_MODULES = YES;
				CLANG_ENABLE_OBJC_ARC = YES;
				CLANG_ENABLE_OBJC_WEAK = YES;
				CLANG_WARN_BLOCK_CAPTURE_AUTORELEASING = YES;
				CLANG_WARN_BOOL_CONVERSION = YES;
				CLANG_WARN_COMMA = YES;
				CLANG_WARN_CONSTANT_CONVERSION = YES;
				CLANG_WARN_DEPRECATED_OBJC_IMPLEMENTATIONS = YES;
				CLANG_WARN_DIRECT_OBJC_ISA_USAGE = YES_ERROR;
				CLANG_WARN_DOCUMENTATION_COMMENTS = YES;
				CLANG_WARN_EMPTY_BODY = YES;
				CLANG_WARN_ENUM_CONVERSION = YES;
				CLANG_WARN_INFINITE_RECURSION = YES;
				CLANG_WARN_INT_CONVERSION = YES;
				CLANG_WARN_NON_LITERAL_NULL_CONVERSION = YES;
				CLANG_WARN_OBJC_IMPLICIT_RETAIN_SELF = YES;
				CLANG_WARN_OBJC_LITERAL_CONVERSION = YES;
				CLANG_WARN_OBJC_ROOT_CLASS = YES_ERROR;
				CLANG_WARN_RANGE_LOOP_ANALYSIS = YES;
				CLANG_WARN_STRICT_PROTOTYPES = YES;
				CLANG_WARN_SUSPICIOUS_MOVE = YES;
				CLANG_WARN_UNGUARDED_AVAILABILITY = YES_AGGRESSIVE;
				CLANG_WARN_UNREACHABLE_CODE = YES;
				CLANG_WARN__DUPLICATE_METHOD_MATCH = YES;
				CODE_SIGN_IDENTITY = "iPhone Developer";
				COPY_PHASE_STRIP = NO;
				DEBUG_INFORMATION_FORMAT = "dwarf-with-dsym";
				ENABLE_NS_ASSERTIONS = NO;
				ENABLE_STRICT_OBJC_MSGSEND = YES;
				GCC_C_LANGUAGE_STANDARD = gnu11;
				GCC_NO_COMMON_BLOCKS = YES;
				GCC_WARN_64_TO_32_BIT_CONVERSION = YES;
				GCC_WARN_ABOUT_RETURN_TYPE = YES_ERROR;
				GCC_WARN_UNDECLARED_SELECTOR = YES;
				GCC_WARN_UNINITIALIZED_AUTOS = YES_AGGRESSIVE;
				GCC_WARN_UNUSED_FUNCTION = YES;
				GCC_WARN_UNUSED_VARIABLE = YES;
				IPHONEOS_DEPLOYMENT_TARGET = 11.4;
				MTL_ENABLE_DEBUG_INFO = NO;
				SDKROOT = iphoneos;
				VALIDATE_PRODUCT = YES;
			};
			name = Release;
		};
		03D9D9CB21AEB49A009E2ED8 /* Debug */ = {
			isa = XCBuildConfiguration;
			baseConfigurationReference = 43A151C4BD914EBEA502A33D /* Pods-testApolloObjective-C.debug.xcconfig */;
			buildSettings = {
				ASSETCATALOG_COMPILER_APPICON_NAME = AppIcon;
				CODE_SIGN_STYLE = Automatic;
				INFOPLIST_FILE = "testApolloObjective-C/Info.plist";
				LD_RUNPATH_SEARCH_PATHS = (
					"$(inherited)",
					"@executable_path/Frameworks",
				);
				PRODUCT_BUNDLE_IDENTIFIER = "com.aya.testApolloObjective-C";
				PRODUCT_NAME = "$(TARGET_NAME)";
				TARGETED_DEVICE_FAMILY = "1,2";
			};
			name = Debug;
		};
		03D9D9CC21AEB49A009E2ED8 /* Release */ = {
			isa = XCBuildConfiguration;
			baseConfigurationReference = 42184AE456592F7629160114 /* Pods-testApolloObjective-C.release.xcconfig */;
			buildSettings = {
				ASSETCATALOG_COMPILER_APPICON_NAME = AppIcon;
				CODE_SIGN_STYLE = Automatic;
				INFOPLIST_FILE = "testApolloObjective-C/Info.plist";
				LD_RUNPATH_SEARCH_PATHS = (
					"$(inherited)",
					"@executable_path/Frameworks",
				);
				PRODUCT_BUNDLE_IDENTIFIER = "com.aya.testApolloObjective-C";
				PRODUCT_NAME = "$(TARGET_NAME)";
				TARGETED_DEVICE_FAMILY = "1,2";
			};
			name = Release;
		};
/* End XCBuildConfiguration section */

/* Begin XCConfigurationList section */
		03D9D9AF21AEB496009E2ED8 /* Build configuration list for PBXProject "testApolloObjective-C" */ = {
			isa = XCConfigurationList;
			buildConfigurations = (
				03D9D9C821AEB49A009E2ED8 /* Debug */,
				03D9D9C921AEB49A009E2ED8 /* Release */,
			);
			defaultConfigurationIsVisible = 0;
			defaultConfigurationName = Release;
		};
		03D9D9CA21AEB49A009E2ED8 /* Build configuration list for PBXNativeTarget "testApolloObjective-C" */ = {
			isa = XCConfigurationList;
			buildConfigurations = (
				03D9D9CB21AEB49A009E2ED8 /* Debug */,
				03D9D9CC21AEB49A009E2ED8 /* Release */,
			);
			defaultConfigurationIsVisible = 0;
			defaultConfigurationName = Release;
		};
/* End XCConfigurationList section */
	};
	rootObject = 03D9D9AC21AEB496009E2ED8 /* Project object */;
}
